
Microsoft Visual Studio Solution File, Format Version 12.00
# Visual Studio Version 17
VisualStudioVersion = 17.0.32014.148
MinimumVisualStudioVersion = 10.0.40219.1
Project("{FAE04EC0-301F-11D3-BF4B-00C04F79EFBC}") = "FleetManagement.API", "FleetManagement.API\FleetManagement.API.csproj", "{832E6D36-A2FD-4A48-9440-46DC60A9BAA8}"
EndProject
Project("{FAE04EC0-301F-11D3-BF4B-00C04F79EFBC}") = "FleetManagement.Models", "FleetManagement.Models\FleetManagement.Models.csproj", "{402175DA-0658-4FE3-B5AE-99A1392B4BC1}"
EndProject
Project("{FAE04EC0-301F-11D3-BF4B-00C04F79EFBC}") = "FleetManagement.Common", "FleetManagement.Common\FleetManagement.Common.csproj", "{73AA5D48-4995-43F4-A979-52F5FD9373DE}"
EndProject
Global
	GlobalSection(SolutionConfigurationPlatforms) = preSolution
		Debug|Any CPU = Debug|Any CPU
		Release|Any CPU = Release|Any CPU
	EndGlobalSection
	GlobalSection(ProjectConfigurationPlatforms) = postSolution
		{832E6D36-A2FD-4A48-9440-46DC60A9BAA8}.Debug|Any CPU.ActiveCfg = Debug|Any CPU
		{832E6D36-A2FD-4A48-9440-46DC60A9BAA8}.Debug|Any CPU.Build.0 = Debug|Any CPU
		{832E6D36-A2FD-4A48-9440-46DC60A9BAA8}.Release|Any CPU.ActiveCfg = Release|Any CPU
		{832E6D36-A2FD-4A48-9440-46DC60A9BAA8}.Release|Any CPU.Build.0 = Release|Any CPU
		{402175DA-0658-4FE3-B5AE-99A1392B4BC1}.Debug|Any CPU.ActiveCfg = Debug|Any CPU
		{402175DA-0658-4FE3-B5AE-99A1392B4BC1}.Debug|Any CPU.Build.0 = Debug|Any CPU
		{402175DA-0658-4FE3-B5AE-99A1392B4BC1}.Release|Any CPU.ActiveCfg = Release|Any CPU
		{402175DA-0658-4FE3-B5AE-99A1392B4BC1}.Release|Any CPU.Build.0 = Release|Any CPU
		{73AA5D48-4995-43F4-A979-52F5FD9373DE}.Debug|Any CPU.ActiveCfg = Debug|Any CPU
		{73AA5D48-4995-43F4-A979-52F5FD9373DE}.Debug|Any CPU.Build.0 = Debug|Any CPU
		{73AA5D48-4995-43F4-A979-52F5FD9373DE}.Release|Any CPU.ActiveCfg = Release|Any CPU
		{73AA5D48-4995-43F4-A979-52F5FD9373DE}.Release|Any CPU.Build.0 = Release|Any CPU
	EndGlobalSection
	GlobalSection(SolutionProperties) = preSolution
		HideSolutionNode = FALSE
	EndGlobalSection
	GlobalSection(ExtensibilityGlobals) = postSolution
		SolutionGuid = {B9E4B15F-8B5B-4B23-895C-268A3A25DAE8}
	EndGlobalSection
EndGlobal
